
Microsoft Visual Studio Solution File, Format Version 12.00
# Visual Studio Version 17
VisualStudioVersion = 17.1.32210.238
MinimumVisualStudioVersion = 10.0.40219.1
Project("{2150E333-8FDC-42A3-9474-1A3956D46DE8}") = "src", "src", "{E7E00294-1248-4BC6-ADD5-A8AC6D5D0348}"
EndProject
Project("{FAE04EC0-301F-11D3-BF4B-00C04F79EFBC}") = "Synnduit.Persistence.SqlServer", "src\Synnduit.Persistence.SqlServer\Synnduit.Persistence.SqlServer.csproj", "{85DF8D1A-BB35-4E32-8BAE-79F75E4F2BA2}"
EndProject
Global
	GlobalSection(SolutionConfigurationPlatforms) = preSolution
		Debug|Any CPU = Debug|Any CPU
		Release|Any CPU = Release|Any CPU
	EndGlobalSection
	GlobalSection(ProjectConfigurationPlatforms) = postSolution
		{85DF8D1A-BB35-4E32-8BAE-79F75E4F2BA2}.Debug|Any CPU.ActiveCfg = Debug|Any CPU
		{85DF8D1A-BB35-4E32-8BAE-79F75E4F2BA2}.Debug|Any CPU.Build.0 = Debug|Any CPU
		{85DF8D1A-BB35-4E32-8BAE-79F75E4F2BA2}.Release|Any CPU.ActiveCfg = Release|Any CPU
		{85DF8D1A-BB35-4E32-8BAE-79F75E4F2BA2}.Release|Any CPU.Build.0 = Release|Any CPU
	EndGlobalSection
	GlobalSection(SolutionProperties) = preSolution
		HideSolutionNode = FALSE
	EndGlobalSection
	GlobalSection(NestedProjects) = preSolution
		{85DF8D1A-BB35-4E32-8BAE-79F75E4F2BA2} = {E7E00294-1248-4BC6-ADD5-A8AC6D5D0348}
	EndGlobalSection
	GlobalSection(ExtensibilityGlobals) = postSolution
		SolutionGuid = {17FA0B90-26FB-4D05-BFC1-3D8C13A2BA76}
	EndGlobalSection
EndGlobal
